
Microsoft Visual Studio Solution File, Format Version 12.00
# Visual Studio Version 16
VisualStudioVersion = 16.0.31005.135
MinimumVisualStudioVersion = 10.0.40219.1
Project("{FAE04EC0-301F-11D3-BF4B-00C04F79EFBC}") = "CrudAngular", "CrudAngular\CrudAngular.csproj", "{ECAAEA5D-D61B-4D19-B133-2C2853DBCAE9}"
EndProject
Global
	GlobalSection(SolutionConfigurationPlatforms) = preSolution
		Debug|Any CPU = Debug|Any CPU
		Release|Any CPU = Release|Any CPU
	EndGlobalSection
	GlobalSection(ProjectConfigurationPlatforms) = postSolution
		{ECAAEA5D-D61B-4D19-B133-2C2853DBCAE9}.Debug|Any CPU.ActiveCfg = Debug|Any CPU
		{ECAAEA5D-D61B-4D19-B133-2C2853DBCAE9}.Debug|Any CPU.Build.0 = Debug|Any CPU
		{ECAAEA5D-D61B-4D19-B133-2C2853DBCAE9}.Release|Any CPU.ActiveCfg = Release|Any CPU
		{ECAAEA5D-D61B-4D19-B133-2C2853DBCAE9}.Release|Any CPU.Build.0 = Release|Any CPU
	EndGlobalSection
	GlobalSection(SolutionProperties) = preSolution
		HideSolutionNode = FALSE
	EndGlobalSection
	GlobalSection(ExtensibilityGlobals) = postSolution
		SolutionGuid = {08A3AE44-06A7-4634-8C6D-4D0CE2FC22BE}
	EndGlobalSection
EndGlobal
